// !$*UTF8*$!
{
	archiveVersion = 1;
	classes = {
	};
	objectVersion = 46;
	objects = {

/* Begin PBXBuildFile section */
		0134ACD81F2CAD720025112A /* GLAuthorizationViewModel.swift in Sources */ = {isa = PBXBuildFile; fileRef = 0134ACD71F2CAD720025112A /* GLAuthorizationViewModel.swift */; };
		0134ACDE1F2D105B0025112A /* GLGitLabAccount.swift in Sources */ = {isa = PBXBuildFile; fileRef = 0134ACDD1F2D105B0025112A /* GLGitLabAccount.swift */; };
		0134ACE31F2E00550025112A /* GLProjectsViewController.swift in Sources */ = {isa = PBXBuildFile; fileRef = 0134ACE11F2E00550025112A /* GLProjectsViewController.swift */; };
		0134ACE41F2E00550025112A /* GLProjectsViewController.xib in Resources */ = {isa = PBXBuildFile; fileRef = 0134ACE21F2E00550025112A /* GLProjectsViewController.xib */; };
		0134ACE71F2E00F30025112A /* GLViewController.swift in Sources */ = {isa = PBXBuildFile; fileRef = 0134ACE61F2E00F30025112A /* GLViewController.swift */; };
		0135C1021F2E885E009F5BCB /* GLGroup.swift in Sources */ = {isa = PBXBuildFile; fileRef = 0135C1011F2E885E009F5BCB /* GLGroup.swift */; };
		0135C1061F2E9153009F5BCB /* GLGroupsViewController.swift in Sources */ = {isa = PBXBuildFile; fileRef = 0135C1041F2E9153009F5BCB /* GLGroupsViewController.swift */; };
		0135C1071F2E9153009F5BCB /* GLGroupsViewController.xib in Resources */ = {isa = PBXBuildFile; fileRef = 0135C1051F2E9153009F5BCB /* GLGroupsViewController.xib */; };
		0135C1091F2E9166009F5BCB /* GLGroupsViewModel.swift in Sources */ = {isa = PBXBuildFile; fileRef = 0135C1081F2E9166009F5BCB /* GLGroupsViewModel.swift */; };
		0135C10D1F2E9A63009F5BCB /* GLGroupTableViewCell.swift in Sources */ = {isa = PBXBuildFile; fileRef = 0135C10B1F2E9A63009F5BCB /* GLGroupTableViewCell.swift */; };
		0135C10E1F2E9A63009F5BCB /* GLGroupTableViewCell.xib in Resources */ = {isa = PBXBuildFile; fileRef = 0135C10C1F2E9A63009F5BCB /* GLGroupTableViewCell.xib */; };
		0135C1101F2E9B48009F5BCB /* GLGroupHeader.swift in Sources */ = {isa = PBXBuildFile; fileRef = 0135C10F1F2E9B48009F5BCB /* GLGroupHeader.swift */; };
		0135C1121F2E9B59009F5BCB /* GLGroupHeader.xib in Resources */ = {isa = PBXBuildFile; fileRef = 0135C1111F2E9B59009F5BCB /* GLGroupHeader.xib */; };
		0135C1161F2ECD72009F5BCB /* GLProject.swift in Sources */ = {isa = PBXBuildFile; fileRef = 0135C1151F2ECD72009F5BCB /* GLProject.swift */; };
		0147B56C1F290ED200B5BFDF /* AppDelegate.swift in Sources */ = {isa = PBXBuildFile; fileRef = 0147B56B1F290ED200B5BFDF /* AppDelegate.swift */; };
		0147B5731F290ED200B5BFDF /* Assets.xcassets in Resources */ = {isa = PBXBuildFile; fileRef = 0147B5721F290ED200B5BFDF /* Assets.xcassets */; };
		0147B5761F290ED200B5BFDF /* LaunchScreen.storyboard in Resources */ = {isa = PBXBuildFile; fileRef = 0147B5741F290ED200B5BFDF /* LaunchScreen.storyboard */; };
		0147B5811F290ED200B5BFDF /* GitLabClientTests.swift in Sources */ = {isa = PBXBuildFile; fileRef = 0147B5801F290ED200B5BFDF /* GitLabClientTests.swift */; };
		0147B58D1F29121E00B5BFDF /* GLAuthorizationViewController.swift in Sources */ = {isa = PBXBuildFile; fileRef = 0147B58B1F29121E00B5BFDF /* GLAuthorizationViewController.swift */; };
		0147B58E1F29121E00B5BFDF /* GLAuthorizationViewController.xib in Resources */ = {isa = PBXBuildFile; fileRef = 0147B58C1F29121E00B5BFDF /* GLAuthorizationViewController.xib */; };
		01A8374D1F2E58310065B0B2 /* GLProjectsViewModel.swift in Sources */ = {isa = PBXBuildFile; fileRef = 01A8374C1F2E58310065B0B2 /* GLProjectsViewModel.swift */; };
		01A8374F1F2E59D40065B0B2 /* GLActivityIndicator.swift in Sources */ = {isa = PBXBuildFile; fileRef = 01A8374E1F2E59D40065B0B2 /* GLActivityIndicator.swift */; };
		01A837521F2E5EDC0065B0B2 /* GLAPIManager.swift in Sources */ = {isa = PBXBuildFile; fileRef = 01A837511F2E5EDC0065B0B2 /* GLAPIManager.swift */; };
		3522AC29EB00F5BA2A63BF8A /* Pods_GitLabClient.framework in Frameworks */ = {isa = PBXBuildFile; fileRef = ECA101D31777A88D6FE2A8B1 /* Pods_GitLabClient.framework */; };
		B897666ECCFF6D33F1C9C3E0 /* Pods_GitLabClientTests.framework in Frameworks */ = {isa = PBXBuildFile; fileRef = 36DE110B3EE66C0FB9C39CCB /* Pods_GitLabClientTests.framework */; };
/* End PBXBuildFile section */

/* Begin PBXContainerItemProxy section */
		0147B57D1F290ED200B5BFDF /* PBXContainerItemProxy */ = {
			isa = PBXContainerItemProxy;
			containerPortal = 0147B5601F290ED200B5BFDF /* Project object */;
			proxyType = 1;
			remoteGlobalIDString = 0147B5671F290ED200B5BFDF;
			remoteInfo = GitLabClient;
		};
/* End PBXContainerItemProxy section */

/* Begin PBXFileReference section */
		0134ACD71F2CAD720025112A /* GLAuthorizationViewModel.swift */ = {isa = PBXFileReference; fileEncoding = 4; lastKnownFileType = sourcecode.swift; path = GLAuthorizationViewModel.swift; sourceTree = "<group>"; };
		0134ACDD1F2D105B0025112A /* GLGitLabAccount.swift */ = {isa = PBXFileReference; fileEncoding = 4; lastKnownFileType = sourcecode.swift; path = GLGitLabAccount.swift; sourceTree = "<group>"; };
		0134ACE11F2E00550025112A /* GLProjectsViewController.swift */ = {isa = PBXFileReference; fileEncoding = 4; lastKnownFileType = sourcecode.swift; path = GLProjectsViewController.swift; sourceTree = "<group>"; };
		0134ACE21F2E00550025112A /* GLProjectsViewController.xib */ = {isa = PBXFileReference; fileEncoding = 4; lastKnownFileType = file.xib; path = GLProjectsViewController.xib; sourceTree = "<group>"; };
		0134ACE61F2E00F30025112A /* GLViewController.swift */ = {isa = PBXFileReference; fileEncoding = 4; lastKnownFileType = sourcecode.swift; path = GLViewController.swift; sourceTree = "<group>"; };
		0135C1011F2E885E009F5BCB /* GLGroup.swift */ = {isa = PBXFileReference; fileEncoding = 4; lastKnownFileType = sourcecode.swift; path = GLGroup.swift; sourceTree = "<group>"; };
		0135C1041F2E9153009F5BCB /* GLGroupsViewController.swift */ = {isa = PBXFileReference; fileEncoding = 4; lastKnownFileType = sourcecode.swift; path = GLGroupsViewController.swift; sourceTree = "<group>"; };
		0135C1051F2E9153009F5BCB /* GLGroupsViewController.xib */ = {isa = PBXFileReference; fileEncoding = 4; lastKnownFileType = file.xib; path = GLGroupsViewController.xib; sourceTree = "<group>"; };
		0135C1081F2E9166009F5BCB /* GLGroupsViewModel.swift */ = {isa = PBXFileReference; fileEncoding = 4; lastKnownFileType = sourcecode.swift; path = GLGroupsViewModel.swift; sourceTree = "<group>"; };
		0135C10B1F2E9A63009F5BCB /* GLGroupTableViewCell.swift */ = {isa = PBXFileReference; fileEncoding = 4; lastKnownFileType = sourcecode.swift; path = GLGroupTableViewCell.swift; sourceTree = "<group>"; };
		0135C10C1F2E9A63009F5BCB /* GLGroupTableViewCell.xib */ = {isa = PBXFileReference; fileEncoding = 4; lastKnownFileType = file.xib; path = GLGroupTableViewCell.xib; sourceTree = "<group>"; };
		0135C10F1F2E9B48009F5BCB /* GLGroupHeader.swift */ = {isa = PBXFileReference; fileEncoding = 4; lastKnownFileType = sourcecode.swift; path = GLGroupHeader.swift; sourceTree = "<group>"; };
		0135C1111F2E9B59009F5BCB /* GLGroupHeader.xib */ = {isa = PBXFileReference; fileEncoding = 4; lastKnownFileType = file.xib; path = GLGroupHeader.xib; sourceTree = "<group>"; };
		0135C1151F2ECD72009F5BCB /* GLProject.swift */ = {isa = PBXFileReference; fileEncoding = 4; lastKnownFileType = sourcecode.swift; path = GLProject.swift; sourceTree = "<group>"; };
		0147B5681F290ED200B5BFDF /* GitLabClient.app */ = {isa = PBXFileReference; explicitFileType = wrapper.application; includeInIndex = 0; path = GitLabClient.app; sourceTree = BUILT_PRODUCTS_DIR; };
		0147B56B1F290ED200B5BFDF /* AppDelegate.swift */ = {isa = PBXFileReference; lastKnownFileType = sourcecode.swift; path = AppDelegate.swift; sourceTree = "<group>"; };
		0147B5721F290ED200B5BFDF /* Assets.xcassets */ = {isa = PBXFileReference; lastKnownFileType = folder.assetcatalog; path = Assets.xcassets; sourceTree = "<group>"; };
		0147B5751F290ED200B5BFDF /* Base */ = {isa = PBXFileReference; lastKnownFileType = file.storyboard; name = Base; path = Base.lproj/LaunchScreen.storyboard; sourceTree = "<group>"; };
		0147B5771F290ED200B5BFDF /* Info.plist */ = {isa = PBXFileReference; lastKnownFileType = text.plist.xml; path = Info.plist; sourceTree = "<group>"; };
		0147B57C1F290ED200B5BFDF /* GitLabClientTests.xctest */ = {isa = PBXFileReference; explicitFileType = wrapper.cfbundle; includeInIndex = 0; path = GitLabClientTests.xctest; sourceTree = BUILT_PRODUCTS_DIR; };
		0147B5801F290ED200B5BFDF /* GitLabClientTests.swift */ = {isa = PBXFileReference; lastKnownFileType = sourcecode.swift; path = GitLabClientTests.swift; sourceTree = "<group>"; };
		0147B5821F290ED200B5BFDF /* Info.plist */ = {isa = PBXFileReference; lastKnownFileType = text.plist.xml; path = Info.plist; sourceTree = "<group>"; };
		0147B58B1F29121E00B5BFDF /* GLAuthorizationViewController.swift */ = {isa = PBXFileReference; fileEncoding = 4; lastKnownFileType = sourcecode.swift; path = GLAuthorizationViewController.swift; sourceTree = "<group>"; };
		0147B58C1F29121E00B5BFDF /* GLAuthorizationViewController.xib */ = {isa = PBXFileReference; fileEncoding = 4; lastKnownFileType = file.xib; path = GLAuthorizationViewController.xib; sourceTree = "<group>"; };
		01A8374C1F2E58310065B0B2 /* GLProjectsViewModel.swift */ = {isa = PBXFileReference; fileEncoding = 4; lastKnownFileType = sourcecode.swift; path = GLProjectsViewModel.swift; sourceTree = "<group>"; };
		01A8374E1F2E59D40065B0B2 /* GLActivityIndicator.swift */ = {isa = PBXFileReference; fileEncoding = 4; lastKnownFileType = sourcecode.swift; path = GLActivityIndicator.swift; sourceTree = "<group>"; };
		01A837511F2E5EDC0065B0B2 /* GLAPIManager.swift */ = {isa = PBXFileReference; fileEncoding = 4; lastKnownFileType = sourcecode.swift; path = GLAPIManager.swift; sourceTree = "<group>"; };
		36DE110B3EE66C0FB9C39CCB /* Pods_GitLabClientTests.framework */ = {isa = PBXFileReference; explicitFileType = wrapper.framework; includeInIndex = 0; path = Pods_GitLabClientTests.framework; sourceTree = BUILT_PRODUCTS_DIR; };
		3DF895D0A83413668ACF2799 /* Pods-GitLabClientTests.debug.xcconfig */ = {isa = PBXFileReference; includeInIndex = 1; lastKnownFileType = text.xcconfig; name = "Pods-GitLabClientTests.debug.xcconfig"; path = "Pods/Target Support Files/Pods-GitLabClientTests/Pods-GitLabClientTests.debug.xcconfig"; sourceTree = "<group>"; };
		439946DED5626F048510DBC0 /* Pods-GitLabClientTests.release.xcconfig */ = {isa = PBXFileReference; includeInIndex = 1; lastKnownFileType = text.xcconfig; name = "Pods-GitLabClientTests.release.xcconfig"; path = "Pods/Target Support Files/Pods-GitLabClientTests/Pods-GitLabClientTests.release.xcconfig"; sourceTree = "<group>"; };
		ADC25BDA9B6FA49297F7758B /* Pods-GitLabClient.debug.xcconfig */ = {isa = PBXFileReference; includeInIndex = 1; lastKnownFileType = text.xcconfig; name = "Pods-GitLabClient.debug.xcconfig"; path = "Pods/Target Support Files/Pods-GitLabClient/Pods-GitLabClient.debug.xcconfig"; sourceTree = "<group>"; };
		CA572D78A5D4577496D5DD5E /* Pods-GitLabClient.release.xcconfig */ = {isa = PBXFileReference; includeInIndex = 1; lastKnownFileType = text.xcconfig; name = "Pods-GitLabClient.release.xcconfig"; path = "Pods/Target Support Files/Pods-GitLabClient/Pods-GitLabClient.release.xcconfig"; sourceTree = "<group>"; };
		ECA101D31777A88D6FE2A8B1 /* Pods_GitLabClient.framework */ = {isa = PBXFileReference; explicitFileType = wrapper.framework; includeInIndex = 0; path = Pods_GitLabClient.framework; sourceTree = BUILT_PRODUCTS_DIR; };
/* End PBXFileReference section */

/* Begin PBXFrameworksBuildPhase section */
		0147B5651F290ED200B5BFDF /* Frameworks */ = {
			isa = PBXFrameworksBuildPhase;
			buildActionMask = 2147483647;
			files = (
				3522AC29EB00F5BA2A63BF8A /* Pods_GitLabClient.framework in Frameworks */,
			);
			runOnlyForDeploymentPostprocessing = 0;
		};
		0147B5791F290ED200B5BFDF /* Frameworks */ = {
			isa = PBXFrameworksBuildPhase;
			buildActionMask = 2147483647;
			files = (
				B897666ECCFF6D33F1C9C3E0 /* Pods_GitLabClientTests.framework in Frameworks */,
			);
			runOnlyForDeploymentPostprocessing = 0;
		};
/* End PBXFrameworksBuildPhase section */

/* Begin PBXGroup section */
		0134ACD91F2CF29B0025112A /* Authorization */ = {
			isa = PBXGroup;
			children = (
				0147B58B1F29121E00B5BFDF /* GLAuthorizationViewController.swift */,
				0134ACD71F2CAD720025112A /* GLAuthorizationViewModel.swift */,
				0147B58C1F29121E00B5BFDF /* GLAuthorizationViewController.xib */,
			);
			name = Authorization;
			sourceTree = "<group>";
		};
		0134ACDA1F2CF2B00025112A /* Screens */ = {
			isa = PBXGroup;
			children = (
				0134ACD91F2CF29B0025112A /* Authorization */,
				0135C1031F2E913D009F5BCB /* Groups */,
				0134ACE01F2E003D0025112A /* Projects */,
			);
			name = Screens;
			sourceTree = "<group>";
		};
		0134ACDB1F2CF2D10025112A /* Resources */ = {
			isa = PBXGroup;
			children = (
				0147B5721F290ED200B5BFDF /* Assets.xcassets */,
			);
			name = Resources;
			sourceTree = "<group>";
		};
		0134ACDC1F2CF2F60025112A /* Supporting Files */ = {
			isa = PBXGroup;
			children = (
				0147B56B1F290ED200B5BFDF /* AppDelegate.swift */,
				0147B5741F290ED200B5BFDF /* LaunchScreen.storyboard */,
				0147B5771F290ED200B5BFDF /* Info.plist */,
			);
			name = "Supporting Files";
			sourceTree = "<group>";
		};
		0134ACDF1F2D19640025112A /* Models */ = {
			isa = PBXGroup;
			children = (
				0134ACDD1F2D105B0025112A /* GLGitLabAccount.swift */,
				0135C1011F2E885E009F5BCB /* GLGroup.swift */,
				0135C1151F2ECD72009F5BCB /* GLProject.swift */,
			);
			name = Models;
			sourceTree = "<group>";
		};
		0134ACE01F2E003D0025112A /* Projects */ = {
			isa = PBXGroup;
			children = (
				0134ACE11F2E00550025112A /* GLProjectsViewController.swift */,
				01A8374C1F2E58310065B0B2 /* GLProjectsViewModel.swift */,
				0134ACE21F2E00550025112A /* GLProjectsViewController.xib */,
			);
			name = Projects;
			sourceTree = "<group>";
		};
		0134ACE51F2E00B70025112A /* UI Extensions */ = {
			isa = PBXGroup;
			children = (
				0134ACE61F2E00F30025112A /* GLViewController.swift */,
				01A8374E1F2E59D40065B0B2 /* GLActivityIndicator.swift */,
			);
			name = "UI Extensions";
			sourceTree = "<group>";
		};
		0135C1031F2E913D009F5BCB /* Groups */ = {
			isa = PBXGroup;
			children = (
				0135C1041F2E9153009F5BCB /* GLGroupsViewController.swift */,
				0135C1081F2E9166009F5BCB /* GLGroupsViewModel.swift */,
				0135C1051F2E9153009F5BCB /* GLGroupsViewController.xib */,
				0135C10A1F2E99BD009F5BCB /* TableView Assets */,
			);
			name = Groups;
			sourceTree = "<group>";
		};
		0135C10A1F2E99BD009F5BCB /* TableView Assets */ = {
			isa = PBXGroup;
			children = (
				0135C10B1F2E9A63009F5BCB /* GLGroupTableViewCell.swift */,
				0135C10C1F2E9A63009F5BCB /* GLGroupTableViewCell.xib */,
				0135C10F1F2E9B48009F5BCB /* GLGroupHeader.swift */,
				0135C1111F2E9B59009F5BCB /* GLGroupHeader.xib */,
			);
			name = "TableView Assets";
			sourceTree = "<group>";
		};
		0147B55F1F290ED200B5BFDF = {
			isa = PBXGroup;
			children = (
				0147B56A1F290ED200B5BFDF /* GitLabClient */,
				0147B57F1F290ED200B5BFDF /* GitLabClientTests */,
				0147B5691F290ED200B5BFDF /* Products */,
				9D56459C62B6450A5630B577 /* Pods */,
				2229E9ACA8A7C4B44DA9D90E /* Frameworks */,
			);
			sourceTree = "<group>";
		};
		0147B5691F290ED200B5BFDF /* Products */ = {
			isa = PBXGroup;
			children = (
				0147B5681F290ED200B5BFDF /* GitLabClient.app */,
				0147B57C1F290ED200B5BFDF /* GitLabClientTests.xctest */,
			);
			name = Products;
			sourceTree = "<group>";
		};
		0147B56A1F290ED200B5BFDF /* GitLabClient */ = {
			isa = PBXGroup;
			children = (
				0134ACDB1F2CF2D10025112A /* Resources */,
				0134ACE51F2E00B70025112A /* UI Extensions */,
				0134ACDA1F2CF2B00025112A /* Screens */,
				0134ACDF1F2D19640025112A /* Models */,
				01A837501F2E5EAA0065B0B2 /* Managers */,
				0134ACDC1F2CF2F60025112A /* Supporting Files */,
			);
			path = GitLabClient;
			sourceTree = "<group>";
		};
		0147B57F1F290ED200B5BFDF /* GitLabClientTests */ = {
			isa = PBXGroup;
			children = (
				0147B5801F290ED200B5BFDF /* GitLabClientTests.swift */,
				0147B5821F290ED200B5BFDF /* Info.plist */,
			);
			path = GitLabClientTests;
			sourceTree = "<group>";
		};
		01A837501F2E5EAA0065B0B2 /* Managers */ = {
			isa = PBXGroup;
			children = (
				01A837511F2E5EDC0065B0B2 /* GLAPIManager.swift */,
			);
			name = Managers;
			sourceTree = "<group>";
		};
		2229E9ACA8A7C4B44DA9D90E /* Frameworks */ = {
			isa = PBXGroup;
			children = (
				ECA101D31777A88D6FE2A8B1 /* Pods_GitLabClient.framework */,
				36DE110B3EE66C0FB9C39CCB /* Pods_GitLabClientTests.framework */,
			);
			name = Frameworks;
			sourceTree = "<group>";
		};
		9D56459C62B6450A5630B577 /* Pods */ = {
			isa = PBXGroup;
			children = (
				ADC25BDA9B6FA49297F7758B /* Pods-GitLabClient.debug.xcconfig */,
				CA572D78A5D4577496D5DD5E /* Pods-GitLabClient.release.xcconfig */,
				3DF895D0A83413668ACF2799 /* Pods-GitLabClientTests.debug.xcconfig */,
				439946DED5626F048510DBC0 /* Pods-GitLabClientTests.release.xcconfig */,
			);
			name = Pods;
			sourceTree = "<group>";
		};
/* End PBXGroup section */

/* Begin PBXNativeTarget section */
		0147B5671F290ED200B5BFDF /* GitLabClient */ = {
			isa = PBXNativeTarget;
			buildConfigurationList = 0147B5851F290ED200B5BFDF /* Build configuration list for PBXNativeTarget "GitLabClient" */;
			buildPhases = (
				1BC18A8DB25C68604DB9294D /* [CP] Check Pods Manifest.lock */,
				0147B5641F290ED200B5BFDF /* Sources */,
				0147B5651F290ED200B5BFDF /* Frameworks */,
				0147B5661F290ED200B5BFDF /* Resources */,
				0D6EFDAC7772D87CDC6A7C49 /* [CP] Embed Pods Frameworks */,
				CEA75A204299FCB85C4DFD82 /* [CP] Copy Pods Resources */,
			);
			buildRules = (
			);
			dependencies = (
			);
			name = GitLabClient;
			productName = GitLabClient;
			productReference = 0147B5681F290ED200B5BFDF /* GitLabClient.app */;
			productType = "com.apple.product-type.application";
		};
		0147B57B1F290ED200B5BFDF /* GitLabClientTests */ = {
			isa = PBXNativeTarget;
			buildConfigurationList = 0147B5881F290ED200B5BFDF /* Build configuration list for PBXNativeTarget "GitLabClientTests" */;
			buildPhases = (
				6974B34DA1F63A3B09978894 /* [CP] Check Pods Manifest.lock */,
				0147B5781F290ED200B5BFDF /* Sources */,
				0147B5791F290ED200B5BFDF /* Frameworks */,
				0147B57A1F290ED200B5BFDF /* Resources */,
				A9E9D09C276FC1F3AD19E8E5 /* [CP] Embed Pods Frameworks */,
				A178427E8F0D1A0DD0D135CC /* [CP] Copy Pods Resources */,
			);
			buildRules = (
			);
			dependencies = (
				0147B57E1F290ED200B5BFDF /* PBXTargetDependency */,
			);
			name = GitLabClientTests;
			productName = GitLabClientTests;
			productReference = 0147B57C1F290ED200B5BFDF /* GitLabClientTests.xctest */;
			productType = "com.apple.product-type.bundle.unit-test";
		};
/* End PBXNativeTarget section */

/* Begin PBXProject section */
		0147B5601F290ED200B5BFDF /* Project object */ = {
			isa = PBXProject;
			attributes = {
				CLASSPREFIX = GL;
				LastSwiftUpdateCheck = 0830;
				LastUpgradeCheck = 0830;
				ORGANIZATIONNAME = "Arman Arutyunov";
				TargetAttributes = {
					0147B5671F290ED200B5BFDF = {
						CreatedOnToolsVersion = 8.3.3;
						DevelopmentTeam = 42934LX6SX;
						ProvisioningStyle = Automatic;
					};
					0147B57B1F290ED200B5BFDF = {
						CreatedOnToolsVersion = 8.3.3;
						DevelopmentTeam = 42934LX6SX;
						ProvisioningStyle = Automatic;
						TestTargetID = 0147B5671F290ED200B5BFDF;
					};
				};
			};
			buildConfigurationList = 0147B5631F290ED200B5BFDF /* Build configuration list for PBXProject "GitLabClient" */;
			compatibilityVersion = "Xcode 3.2";
			developmentRegion = English;
			hasScannedForEncodings = 0;
			knownRegions = (
				en,
				Base,
			);
			mainGroup = 0147B55F1F290ED200B5BFDF;
			productRefGroup = 0147B5691F290ED200B5BFDF /* Products */;
			projectDirPath = "";
			projectRoot = "";
			targets = (
				0147B5671F290ED200B5BFDF /* GitLabClient */,
				0147B57B1F290ED200B5BFDF /* GitLabClientTests */,
			);
		};
/* End PBXProject section */

/* Begin PBXResourcesBuildPhase section */
		0147B5661F290ED200B5BFDF /* Resources */ = {
			isa = PBXResourcesBuildPhase;
			buildActionMask = 2147483647;
			files = (
				0135C10E1F2E9A63009F5BCB /* GLGroupTableViewCell.xib in Resources */,
				0135C1071F2E9153009F5BCB /* GLGroupsViewController.xib in Resources */,
				0147B5761F290ED200B5BFDF /* LaunchScreen.storyboard in Resources */,
				0134ACE41F2E00550025112A /* GLProjectsViewController.xib in Resources */,
				0147B5731F290ED200B5BFDF /* Assets.xcassets in Resources */,
				0135C1121F2E9B59009F5BCB /* GLGroupHeader.xib in Resources */,
				0147B58E1F29121E00B5BFDF /* GLAuthorizationViewController.xib in Resources */,
			);
			runOnlyForDeploymentPostprocessing = 0;
		};
		0147B57A1F290ED200B5BFDF /* Resources */ = {
			isa = PBXResourcesBuildPhase;
			buildActionMask = 2147483647;
			files = (
			);
			runOnlyForDeploymentPostprocessing = 0;
		};
/* End PBXResourcesBuildPhase section */

/* Begin PBXShellScriptBuildPhase section */
		0D6EFDAC7772D87CDC6A7C49 /* [CP] Embed Pods Frameworks */ = {
			isa = PBXShellScriptBuildPhase;
			buildActionMask = 2147483647;
			files = (
			);
			inputPaths = (
			);
			name = "[CP] Embed Pods Frameworks";
			outputPaths = (
			);
			runOnlyForDeploymentPostprocessing = 0;
			shellPath = /bin/sh;
			shellScript = "\"${SRCROOT}/Pods/Target Support Files/Pods-GitLabClient/Pods-GitLabClient-frameworks.sh\"\n";
			showEnvVarsInLog = 0;
		};
		1BC18A8DB25C68604DB9294D /* [CP] Check Pods Manifest.lock */ = {
			isa = PBXShellScriptBuildPhase;
			buildActionMask = 2147483647;
			files = (
			);
			inputPaths = (
			);
			name = "[CP] Check Pods Manifest.lock";
			outputPaths = (
			);
			runOnlyForDeploymentPostprocessing = 0;
			shellPath = /bin/sh;
			shellScript = "diff \"${PODS_PODFILE_DIR_PATH}/Podfile.lock\" \"${PODS_ROOT}/Manifest.lock\" > /dev/null\nif [ $? != 0 ] ; then\n    # print error to STDERR\n    echo \"error: The sandbox is not in sync with the Podfile.lock. Run 'pod install' or update your CocoaPods installation.\" >&2\n    exit 1\nfi\n";
			showEnvVarsInLog = 0;
		};
		6974B34DA1F63A3B09978894 /* [CP] Check Pods Manifest.lock */ = {
			isa = PBXShellScriptBuildPhase;
			buildActionMask = 2147483647;
			files = (
			);
			inputPaths = (
			);
			name = "[CP] Check Pods Manifest.lock";
			outputPaths = (
			);
			runOnlyForDeploymentPostprocessing = 0;
			shellPath = /bin/sh;
			shellScript = "diff \"${PODS_PODFILE_DIR_PATH}/Podfile.lock\" \"${PODS_ROOT}/Manifest.lock\" > /dev/null\nif [ $? != 0 ] ; then\n    # print error to STDERR\n    echo \"error: The sandbox is not in sync with the Podfile.lock. Run 'pod install' or update your CocoaPods installation.\" >&2\n    exit 1\nfi\n";
			showEnvVarsInLog = 0;
		};
		A178427E8F0D1A0DD0D135CC /* [CP] Copy Pods Resources */ = {
			isa = PBXShellScriptBuildPhase;
			buildActionMask = 2147483647;
			files = (
			);
			inputPaths = (
			);
			name = "[CP] Copy Pods Resources";
			outputPaths = (
			);
			runOnlyForDeploymentPostprocessing = 0;
			shellPath = /bin/sh;
			shellScript = "\"${SRCROOT}/Pods/Target Support Files/Pods-GitLabClientTests/Pods-GitLabClientTests-resources.sh\"\n";
			showEnvVarsInLog = 0;
		};
		A9E9D09C276FC1F3AD19E8E5 /* [CP] Embed Pods Frameworks */ = {
			isa = PBXShellScriptBuildPhase;
			buildActionMask = 2147483647;
			files = (
			);
			inputPaths = (
			);
			name = "[CP] Embed Pods Frameworks";
			outputPaths = (
			);
			runOnlyForDeploymentPostprocessing = 0;
			shellPath = /bin/sh;
			shellScript = "\"${SRCROOT}/Pods/Target Support Files/Pods-GitLabClientTests/Pods-GitLabClientTests-frameworks.sh\"\n";
			showEnvVarsInLog = 0;
		};
		CEA75A204299FCB85C4DFD82 /* [CP] Copy Pods Resources */ = {
			isa = PBXShellScriptBuildPhase;
			buildActionMask = 2147483647;
			files = (
			);
			inputPaths = (
			);
			name = "[CP] Copy Pods Resources";
			outputPaths = (
			);
			runOnlyForDeploymentPostprocessing = 0;
			shellPath = /bin/sh;
			shellScript = "\"${SRCROOT}/Pods/Target Support Files/Pods-GitLabClient/Pods-GitLabClient-resources.sh\"\n";
			showEnvVarsInLog = 0;
		};
/* End PBXShellScriptBuildPhase section */

/* Begin PBXSourcesBuildPhase section */
		0147B5641F290ED200B5BFDF /* Sources */ = {
			isa = PBXSourcesBuildPhase;
			buildActionMask = 2147483647;
			files = (
				0135C1021F2E885E009F5BCB /* GLGroup.swift in Sources */,
				0135C1091F2E9166009F5BCB /* GLGroupsViewModel.swift in Sources */,
				0134ACE31F2E00550025112A /* GLProjectsViewController.swift in Sources */,
				0135C1061F2E9153009F5BCB /* GLGroupsViewController.swift in Sources */,
				01A8374F1F2E59D40065B0B2 /* GLActivityIndicator.swift in Sources */,
				0135C10D1F2E9A63009F5BCB /* GLGroupTableViewCell.swift in Sources */,
				0147B56C1F290ED200B5BFDF /* AppDelegate.swift in Sources */,
				0134ACD81F2CAD720025112A /* GLAuthorizationViewModel.swift in Sources */,
				0134ACE71F2E00F30025112A /* GLViewController.swift in Sources */,
				0147B58D1F29121E00B5BFDF /* GLAuthorizationViewController.swift in Sources */,
				01A8374D1F2E58310065B0B2 /* GLProjectsViewModel.swift in Sources */,
				01A837521F2E5EDC0065B0B2 /* GLAPIManager.swift in Sources */,
				0134ACDE1F2D105B0025112A /* GLGitLabAccount.swift in Sources */,
				0135C1161F2ECD72009F5BCB /* GLProject.swift in Sources */,
				0135C1101F2E9B48009F5BCB /* GLGroupHeader.swift in Sources */,
			);
			runOnlyForDeploymentPostprocessing = 0;
		};
		0147B5781F290ED200B5BFDF /* Sources */ = {
			isa = PBXSourcesBuildPhase;
			buildActionMask = 2147483647;
			files = (
				0147B5811F290ED200B5BFDF /* GitLabClientTests.swift in Sources */,
			);
			runOnlyForDeploymentPostprocessing = 0;
		};
/* End PBXSourcesBuildPhase section */

/* Begin PBXTargetDependency section */
		0147B57E1F290ED200B5BFDF /* PBXTargetDependency */ = {
			isa = PBXTargetDependency;
			target = 0147B5671F290ED200B5BFDF /* GitLabClient */;
			targetProxy = 0147B57D1F290ED200B5BFDF /* PBXContainerItemProxy */;
		};
/* End PBXTargetDependency section */

/* Begin PBXVariantGroup section */
		0147B5741F290ED200B5BFDF /* LaunchScreen.storyboard */ = {
			isa = PBXVariantGroup;
			children = (
				0147B5751F290ED200B5BFDF /* Base */,
			);
			name = LaunchScreen.storyboard;
			sourceTree = "<group>";
		};
/* End PBXVariantGroup section */

/* Begin XCBuildConfiguration section */
		0147B5831F290ED200B5BFDF /* Debug */ = {
			isa = XCBuildConfiguration;
			buildSettings = {
				ALWAYS_SEARCH_USER_PATHS = NO;
				CLANG_ANALYZER_NONNULL = YES;
				CLANG_ANALYZER_NUMBER_OBJECT_CONVERSION = YES_AGGRESSIVE;
				CLANG_CXX_LANGUAGE_STANDARD = "gnu++0x";
				CLANG_CXX_LIBRARY = "libc++";
				CLANG_ENABLE_MODULES = YES;
				CLANG_ENABLE_OBJC_ARC = YES;
				CLANG_WARN_BOOL_CONVERSION = YES;
				CLANG_WARN_CONSTANT_CONVERSION = YES;
				CLANG_WARN_DIRECT_OBJC_ISA_USAGE = YES_ERROR;
				CLANG_WARN_DOCUMENTATION_COMMENTS = YES;
				CLANG_WARN_EMPTY_BODY = YES;
				CLANG_WARN_ENUM_CONVERSION = YES;
				CLANG_WARN_INFINITE_RECURSION = YES;
				CLANG_WARN_INT_CONVERSION = YES;
				CLANG_WARN_OBJC_ROOT_CLASS = YES_ERROR;
				CLANG_WARN_SUSPICIOUS_MOVE = YES;
				CLANG_WARN_UNREACHABLE_CODE = YES;
				CLANG_WARN__DUPLICATE_METHOD_MATCH = YES;
				"CODE_SIGN_IDENTITY[sdk=iphoneos*]" = "iPhone Developer";
				COPY_PHASE_STRIP = NO;
				DEBUG_INFORMATION_FORMAT = dwarf;
				ENABLE_STRICT_OBJC_MSGSEND = YES;
				ENABLE_TESTABILITY = YES;
				GCC_C_LANGUAGE_STANDARD = gnu99;
				GCC_DYNAMIC_NO_PIC = NO;
				GCC_NO_COMMON_BLOCKS = YES;
				GCC_OPTIMIZATION_LEVEL = 0;
				GCC_PREPROCESSOR_DEFINITIONS = (
					"DEBUG=1",
					"$(inherited)",
				);
				GCC_WARN_64_TO_32_BIT_CONVERSION = YES;
				GCC_WARN_ABOUT_RETURN_TYPE = YES_ERROR;
				GCC_WARN_UNDECLARED_SELECTOR = YES;
				GCC_WARN_UNINITIALIZED_AUTOS = YES_AGGRESSIVE;
				GCC_WARN_UNUSED_FUNCTION = YES;
				GCC_WARN_UNUSED_VARIABLE = YES;
				IPHONEOS_DEPLOYMENT_TARGET = 10.3;
				MTL_ENABLE_DEBUG_INFO = YES;
				ONLY_ACTIVE_ARCH = YES;
				SDKROOT = iphoneos;
				SWIFT_ACTIVE_COMPILATION_CONDITIONS = DEBUG;
				SWIFT_OPTIMIZATION_LEVEL = "-Onone";
			};
			name = Debug;
		};
		0147B5841F290ED200B5BFDF /* Release */ = {
			isa = XCBuildConfiguration;
			buildSettings = {
				ALWAYS_SEARCH_USER_PATHS = NO;
				CLANG_ANALYZER_NONNULL = YES;
				CLANG_ANALYZER_NUMBER_OBJECT_CONVERSION = YES_AGGRESSIVE;
				CLANG_CXX_LANGUAGE_STANDARD = "gnu++0x";
				CLANG_CXX_LIBRARY = "libc++";
				CLANG_ENABLE_MODULES = YES;
				CLANG_ENABLE_OBJC_ARC = YES;
				CLANG_WARN_BOOL_CONVERSION = YES;
				CLANG_WARN_CONSTANT_CONVERSION = YES;
				CLANG_WARN_DIRECT_OBJC_ISA_USAGE = YES_ERROR;
				CLANG_WARN_DOCUMENTATION_COMMENTS = YES;
				CLANG_WARN_EMPTY_BODY = YES;
				CLANG_WARN_ENUM_CONVERSION = YES;
				CLANG_WARN_INFINITE_RECURSION = YES;
				CLANG_WARN_INT_CONVERSION = YES;
				CLANG_WARN_OBJC_ROOT_CLASS = YES_ERROR;
				CLANG_WARN_SUSPICIOUS_MOVE = YES;
				CLANG_WARN_UNREACHABLE_CODE = YES;
				CLANG_WARN__DUPLICATE_METHOD_MATCH = YES;
				"CODE_SIGN_IDENTITY[sdk=iphoneos*]" = "iPhone Developer";
				COPY_PHASE_STRIP = NO;
				DEBUG_INFORMATION_FORMAT = "dwarf-with-dsym";
				ENABLE_NS_ASSERTIONS = NO;
				ENABLE_STRICT_OBJC_MSGSEND = YES;
				GCC_C_LANGUAGE_STANDARD = gnu99;
				GCC_NO_COMMON_BLOCKS = YES;
				GCC_WARN_64_TO_32_BIT_CONVERSION = YES;
				GCC_WARN_ABOUT_RETURN_TYPE = YES_ERROR;
				GCC_WARN_UNDECLARED_SELECTOR = YES;
				GCC_WARN_UNINITIALIZED_AUTOS = YES_AGGRESSIVE;
				GCC_WARN_UNUSED_FUNCTION = YES;
				GCC_WARN_UNUSED_VARIABLE = YES;
				IPHONEOS_DEPLOYMENT_TARGET = 10.3;
				MTL_ENABLE_DEBUG_INFO = NO;
				SDKROOT = iphoneos;
				SWIFT_OPTIMIZATION_LEVEL = "-Owholemodule";
				VALIDATE_PRODUCT = YES;
			};
			name = Release;
		};
		0147B5861F290ED200B5BFDF /* Debug */ = {
			isa = XCBuildConfiguration;
			baseConfigurationReference = ADC25BDA9B6FA49297F7758B /* Pods-GitLabClient.debug.xcconfig */;
			buildSettings = {
				ASSETCATALOG_COMPILER_APPICON_NAME = AppIcon;
				DEVELOPMENT_TEAM = 42934LX6SX;
				INFOPLIST_FILE = GitLabClient/Info.plist;
				LD_RUNPATH_SEARCH_PATHS = "$(inherited) @executable_path/Frameworks";
				PRODUCT_BUNDLE_IDENTIFIER = com.armanarutyunov.GitLabClient;
				PRODUCT_NAME = "$(TARGET_NAME)";
				SWIFT_VERSION = 3.0;
			};
			name = Debug;
		};
		0147B5871F290ED200B5BFDF /* Release */ = {
			isa = XCBuildConfiguration;
			baseConfigurationReference = CA572D78A5D4577496D5DD5E /* Pods-GitLabClient.release.xcconfig */;
			buildSettings = {
				ASSETCATALOG_COMPILER_APPICON_NAME = AppIcon;
				DEVELOPMENT_TEAM = 42934LX6SX;
				INFOPLIST_FILE = GitLabClient/Info.plist;
				LD_RUNPATH_SEARCH_PATHS = "$(inherited) @executable_path/Frameworks";
				PRODUCT_BUNDLE_IDENTIFIER = com.armanarutyunov.GitLabClient;
				PRODUCT_NAME = "$(TARGET_NAME)";
				SWIFT_VERSION = 3.0;
			};
			name = Release;
		};
		0147B5891F290ED200B5BFDF /* Debug */ = {
			isa = XCBuildConfiguration;
			baseConfigurationReference = 3DF895D0A83413668ACF2799 /* Pods-GitLabClientTests.debug.xcconfig */;
			buildSettings = {
				ALWAYS_EMBED_SWIFT_STANDARD_LIBRARIES = YES;
				BUNDLE_LOADER = "$(TEST_HOST)";
				DEVELOPMENT_TEAM = 42934LX6SX;
				INFOPLIST_FILE = GitLabClientTests/Info.plist;
				LD_RUNPATH_SEARCH_PATHS = "$(inherited) @executable_path/Frameworks @loader_path/Frameworks";
				PRODUCT_BUNDLE_IDENTIFIER = com.armanarutyunov.GitLabClientTests;
				PRODUCT_NAME = "$(TARGET_NAME)";
				SWIFT_VERSION = 3.0;
				TEST_HOST = "$(BUILT_PRODUCTS_DIR)/GitLabClient.app/GitLabClient";
			};
			name = Debug;
		};
		0147B58A1F290ED200B5BFDF /* Release */ = {
			isa = XCBuildConfiguration;
			baseConfigurationReference = 439946DED5626F048510DBC0 /* Pods-GitLabClientTests.release.xcconfig */;
			buildSettings = {
				ALWAYS_EMBED_SWIFT_STANDARD_LIBRARIES = YES;
				BUNDLE_LOADER = "$(TEST_HOST)";
				DEVELOPMENT_TEAM = 42934LX6SX;
				INFOPLIST_FILE = GitLabClientTests/Info.plist;
				LD_RUNPATH_SEARCH_PATHS = "$(inherited) @executable_path/Frameworks @loader_path/Frameworks";
				PRODUCT_BUNDLE_IDENTIFIER = com.armanarutyunov.GitLabClientTests;
				PRODUCT_NAME = "$(TARGET_NAME)";
				SWIFT_VERSION = 3.0;
				TEST_HOST = "$(BUILT_PRODUCTS_DIR)/GitLabClient.app/GitLabClient";
			};
			name = Release;
		};
/* End XCBuildConfiguration section */

/* Begin XCConfigurationList section */
		0147B5631F290ED200B5BFDF /* Build configuration list for PBXProject "GitLabClient" */ = {
			isa = XCConfigurationList;
			buildConfigurations = (
				0147B5831F290ED200B5BFDF /* Debug */,
				0147B5841F290ED200B5BFDF /* Release */,
			);
			defaultConfigurationIsVisible = 0;
			defaultConfigurationName = Release;
		};
		0147B5851F290ED200B5BFDF /* Build configuration list for PBXNativeTarget "GitLabClient" */ = {
			isa = XCConfigurationList;
			buildConfigurations = (
				0147B5861F290ED200B5BFDF /* Debug */,
				0147B5871F290ED200B5BFDF /* Release */,
			);
			defaultConfigurationIsVisible = 0;
			defaultConfigurationName = Release;
		};
		0147B5881F290ED200B5BFDF /* Build configuration list for PBXNativeTarget "GitLabClientTests" */ = {
			isa = XCConfigurationList;
			buildConfigurations = (
				0147B5891F290ED200B5BFDF /* Debug */,
				0147B58A1F290ED200B5BFDF /* Release */,
			);
			defaultConfigurationIsVisible = 0;
			defaultConfigurationName = Release;
		};
/* End XCConfigurationList section */
	};
	rootObject = 0147B5601F290ED200B5BFDF /* Project object */;
}
